
Microsoft Visual Studio Solution File, Format Version 12.00
# Visual Studio Version 16
VisualStudioVersion = 16.0.29905.134
MinimumVisualStudioVersion = 10.0.40219.1
Project("{FAE04EC0-301F-11D3-BF4B-00C04F79EFBC}") = "FibonacciNthRecursiv", "FibonacciNthRecursiv\FibonacciNthRecursiv.csproj", "{2ED704AF-4E5D-45BE-80C6-098B45B8C56A}"
EndProject
Global
	GlobalSection(SolutionConfigurationPlatforms) = preSolution
		Debug|Any CPU = Debug|Any CPU
		Release|Any CPU = Release|Any CPU
	EndGlobalSection
	GlobalSection(ProjectConfigurationPlatforms) = postSolution
		{2ED704AF-4E5D-45BE-80C6-098B45B8C56A}.Debug|Any CPU.ActiveCfg = Debug|Any CPU
		{2ED704AF-4E5D-45BE-80C6-098B45B8C56A}.Debug|Any CPU.Build.0 = Debug|Any CPU
		{2ED704AF-4E5D-45BE-80C6-098B45B8C56A}.Release|Any CPU.ActiveCfg = Release|Any CPU
		{2ED704AF-4E5D-45BE-80C6-098B45B8C56A}.Release|Any CPU.Build.0 = Release|Any CPU
	EndGlobalSection
	GlobalSection(SolutionProperties) = preSolution
		HideSolutionNode = FALSE
	EndGlobalSection
	GlobalSection(ExtensibilityGlobals) = postSolution
		SolutionGuid = {4357B683-783D-458B-A320-DD9B7B233E4A}
	EndGlobalSection
EndGlobal
